
Microsoft Visual Studio Solution File, Format Version 12.00
# Visual Studio Version 17
VisualStudioVersion = 17.11.35327.3
MinimumVisualStudioVersion = 10.0.40219.1
Project("{FAE04EC0-301F-11D3-BF4B-00C04F79EFBC}") = "Extra Exercises", "Extra Exercises\Extra Exercises.csproj", "{F43FACC4-2E75-4AB4-A31E-606E07479F07}"
EndProject
Global
	GlobalSection(SolutionConfigurationPlatforms) = preSolution
		Debug|Any CPU = Debug|Any CPU
		Release|Any CPU = Release|Any CPU
	EndGlobalSection
	GlobalSection(ProjectConfigurationPlatforms) = postSolution
		{F43FACC4-2E75-4AB4-A31E-606E07479F07}.Debug|Any CPU.ActiveCfg = Debug|Any CPU
		{F43FACC4-2E75-4AB4-A31E-606E07479F07}.Debug|Any CPU.Build.0 = Debug|Any CPU
		{F43FACC4-2E75-4AB4-A31E-606E07479F07}.Release|Any CPU.ActiveCfg = Release|Any CPU
		{F43FACC4-2E75-4AB4-A31E-606E07479F07}.Release|Any CPU.Build.0 = Release|Any CPU
	EndGlobalSection
	GlobalSection(SolutionProperties) = preSolution
		HideSolutionNode = FALSE
	EndGlobalSection
	GlobalSection(ExtensibilityGlobals) = postSolution
		SolutionGuid = {1AC21F30-6CB1-47F4-903B-79F2B7CC18A1}
	EndGlobalSection
EndGlobal
